schema: '2.0'
stages:
  ingest:
    cmd: python industrial_maintenance/dataset.py
    deps:
    - path: data/raw/industrial_equipment_anomaly_data.csv
      hash: md5
      md5: f2de6b4311ef301d2f2188ccb162ae42
      size: 733715
    - path: industrial_maintenance/dataset.py
      hash: md5
      md5: acc2f89f59cd2e38a9856c0d82fb10da
      size: 1684
    outs:
    - path: data/interim/cleaned_data.csv
      hash: md5
      md5: 535fff8e890455a8a280c5adb5c830ce
      size: 707404
  featurize:
    cmd: python industrial_maintenance/features.py
    deps:
    - path: data/interim/cleaned_data.csv
      hash: md5
      md5: 535fff8e890455a8a280c5adb5c830ce
      size: 707404
    - path: industrial_maintenance/features.py
      hash: md5
      md5: 46a816c8184138a76ab737f7371f2f0d
      size: 2324
    outs:
    - path: data/processed/featured_data.csv
      hash: md5
      md5: 66e5766101e47d812386bcb47c92460d
      size: 866824
    - path: models/preprocessor.joblib
      hash: md5
      md5: e32e273aef2bb118a26feba180030f57
      size: 3105
